
Microsoft Visual Studio Solution File, Format Version 12.00
# Visual Studio Version 17
VisualStudioVersion = 17.0.31903.59
MinimumVisualStudioVersion = 10.0.40219.1
Project("{FAE04EC0-301F-11D3-BF4B-00C04F79EFBC}") = "RuntimeOverLoading", "RuntimeOverLoading\RuntimeOverLoading.csproj", "{01024944-EC8B-4962-B409-9B6782DEEBD9}"
EndProject
Project("{FAE04EC0-301F-11D3-BF4B-00C04F79EFBC}") = "Players.Visitor", "Players.Visitor\Players.Visitor.csproj", "{918B5C7D-CB28-4897-8A37-250B65B46013}"
EndProject
Project("{FAE04EC0-301F-11D3-BF4B-00C04F79EFBC}") = "BehaviorToMessages", "BehaviorToMessages\BehaviorToMessages.csproj", "{C8A97AC9-EC67-46C5-BB9D-C8177EA7B519}"
EndProject
Project("{FAE04EC0-301F-11D3-BF4B-00C04F79EFBC}") = "BehaviorToEnums", "BehaviorToEnums\BehaviorToEnums.csproj", "{3663DC4D-BFBD-4E54-8E60-CD6509FE3E42}"
EndProject
Global
	GlobalSection(SolutionConfigurationPlatforms) = preSolution
		Debug|Any CPU = Debug|Any CPU
		Release|Any CPU = Release|Any CPU
	EndGlobalSection
	GlobalSection(SolutionProperties) = preSolution
		HideSolutionNode = FALSE
	EndGlobalSection
	GlobalSection(ProjectConfigurationPlatforms) = postSolution
		{01024944-EC8B-4962-B409-9B6782DEEBD9}.Debug|Any CPU.ActiveCfg = Debug|Any CPU
		{01024944-EC8B-4962-B409-9B6782DEEBD9}.Debug|Any CPU.Build.0 = Debug|Any CPU
		{01024944-EC8B-4962-B409-9B6782DEEBD9}.Release|Any CPU.ActiveCfg = Release|Any CPU
		{01024944-EC8B-4962-B409-9B6782DEEBD9}.Release|Any CPU.Build.0 = Release|Any CPU
		{918B5C7D-CB28-4897-8A37-250B65B46013}.Debug|Any CPU.ActiveCfg = Debug|Any CPU
		{918B5C7D-CB28-4897-8A37-250B65B46013}.Debug|Any CPU.Build.0 = Debug|Any CPU
		{918B5C7D-CB28-4897-8A37-250B65B46013}.Release|Any CPU.ActiveCfg = Release|Any CPU
		{918B5C7D-CB28-4897-8A37-250B65B46013}.Release|Any CPU.Build.0 = Release|Any CPU
		{C8A97AC9-EC67-46C5-BB9D-C8177EA7B519}.Debug|Any CPU.ActiveCfg = Debug|Any CPU
		{C8A97AC9-EC67-46C5-BB9D-C8177EA7B519}.Debug|Any CPU.Build.0 = Debug|Any CPU
		{C8A97AC9-EC67-46C5-BB9D-C8177EA7B519}.Release|Any CPU.ActiveCfg = Release|Any CPU
		{C8A97AC9-EC67-46C5-BB9D-C8177EA7B519}.Release|Any CPU.Build.0 = Release|Any CPU
		{3663DC4D-BFBD-4E54-8E60-CD6509FE3E42}.Debug|Any CPU.ActiveCfg = Debug|Any CPU
		{3663DC4D-BFBD-4E54-8E60-CD6509FE3E42}.Debug|Any CPU.Build.0 = Debug|Any CPU
		{3663DC4D-BFBD-4E54-8E60-CD6509FE3E42}.Release|Any CPU.ActiveCfg = Release|Any CPU
		{3663DC4D-BFBD-4E54-8E60-CD6509FE3E42}.Release|Any CPU.Build.0 = Release|Any CPU
	EndGlobalSection
EndGlobal
